
Microsoft Visual Studio Solution File, Format Version 12.00
# Visual Studio Version 16
VisualStudioVersion = 16.0.31410.357
MinimumVisualStudioVersion = 10.0.40219.1
Project("{FAE04EC0-301F-11D3-BF4B-00C04F79EFBC}") = "API", "API\API.csproj", "{7BCE7FDD-7D9B-43F6-9748-67DFECC04CF3}"
EndProject
Project("{FAE04EC0-301F-11D3-BF4B-00C04F79EFBC}") = "TCS", "TCS\TCS.csproj", "{0FF93A40-940E-4E40-8365-EA10518C25C4}"
EndProject
Global
	GlobalSection(SolutionConfigurationPlatforms) = preSolution
		Debug|Any CPU = Debug|Any CPU
		Release|Any CPU = Release|Any CPU
	EndGlobalSection
	GlobalSection(ProjectConfigurationPlatforms) = postSolution
		{7BCE7FDD-7D9B-43F6-9748-67DFECC04CF3}.Debug|Any CPU.ActiveCfg = Debug|Any CPU
		{7BCE7FDD-7D9B-43F6-9748-67DFECC04CF3}.Debug|Any CPU.Build.0 = Debug|Any CPU
		{7BCE7FDD-7D9B-43F6-9748-67DFECC04CF3}.Release|Any CPU.ActiveCfg = Release|Any CPU
		{7BCE7FDD-7D9B-43F6-9748-67DFECC04CF3}.Release|Any CPU.Build.0 = Release|Any CPU
		{0FF93A40-940E-4E40-8365-EA10518C25C4}.Debug|Any CPU.ActiveCfg = Debug|Any CPU
		{0FF93A40-940E-4E40-8365-EA10518C25C4}.Debug|Any CPU.Build.0 = Debug|Any CPU
		{0FF93A40-940E-4E40-8365-EA10518C25C4}.Release|Any CPU.ActiveCfg = Release|Any CPU
		{0FF93A40-940E-4E40-8365-EA10518C25C4}.Release|Any CPU.Build.0 = Release|Any CPU
	EndGlobalSection
	GlobalSection(SolutionProperties) = preSolution
		HideSolutionNode = FALSE
	EndGlobalSection
	GlobalSection(ExtensibilityGlobals) = postSolution
		SolutionGuid = {157A78B1-05CB-44A6-A882-67A8B855674D}
	EndGlobalSection
EndGlobal
